
Microsoft Visual Studio Solution File, Format Version 11.00
# Visual Studio 2010
Project("{FAE04EC0-301F-11D3-BF4B-00C04F79EFBC}") = "UnityEngine.UI", "UnityEngine.UI.csproj", "{0181b568-72e5-c634-5874-829e4c5a0a1b}"
EndProject
Project("{FAE04EC0-301F-11D3-BF4B-00C04F79EFBC}") = "Assembly-CSharp", "Assembly-CSharp.csproj", "{bfa7f927-96c1-c77c-68ba-9384b5bb5bf4}"
EndProject
Project("{FAE04EC0-301F-11D3-BF4B-00C04F79EFBC}") = "Assembly-CSharp-firstpass", "Assembly-CSharp-firstpass.csproj", "{56d13747-06d0-9bd1-7c2f-a3d907a57feb}"
EndProject
Project("{FAE04EC0-301F-11D3-BF4B-00C04F79EFBC}") = "Boxophobic.PolyverseSkies.Runtime", "Boxophobic.PolyverseSkies.Runtime.csproj", "{5beb66c0-2b64-ed22-a41b-1804f9e3d46c}"
EndProject
Project("{FAE04EC0-301F-11D3-BF4B-00C04F79EFBC}") = "ToonyColorsPro2.Demo", "ToonyColorsPro2.Demo.csproj", "{9eca211b-48ec-6b42-69b7-72b1d6063e9f}"
EndProject
Project("{FAE04EC0-301F-11D3-BF4B-00C04F79EFBC}") = "Boxophobic.Utils.Scripts", "Boxophobic.Utils.Scripts.csproj", "{5072330c-7058-0cdd-ed3c-28aaa7fc2db4}"
EndProject
Project("{FAE04EC0-301F-11D3-BF4B-00C04F79EFBC}") = "ToonyColorsPro.Runtime", "ToonyColorsPro.Runtime.csproj", "{b5291fa0-59e6-bb31-9538-64dd5416f140}"
EndProject
Project("{FAE04EC0-301F-11D3-BF4B-00C04F79EFBC}") = "Boxophobic.PolyverseSkies.Scripts", "Boxophobic.PolyverseSkies.Scripts.csproj", "{d8b2c27c-2497-a59c-0450-c4eceae07e55}"
EndProject
Project("{FAE04EC0-301F-11D3-BF4B-00C04F79EFBC}") = "Boxophobic.Utils.Editor", "Boxophobic.Utils.Editor.csproj", "{dfe9cb06-8ac5-8810-0302-058f926d43e2}"
EndProject
Project("{FAE04EC0-301F-11D3-BF4B-00C04F79EFBC}") = "UnityEditor.UI", "UnityEditor.UI.csproj", "{0565224d-6a6f-1c7f-0c9e-e0cb178821c1}"
EndProject
Project("{FAE04EC0-301F-11D3-BF4B-00C04F79EFBC}") = "ToonyColorsPro.Editor", "ToonyColorsPro.Editor.csproj", "{63139cf5-42fb-6a7d-9431-22d283285923}"
EndProject
Project("{FAE04EC0-301F-11D3-BF4B-00C04F79EFBC}") = "Boxophobic.PolyverseSkies.Editor", "Boxophobic.PolyverseSkies.Editor.csproj", "{0d022d32-05f9-02e1-5d51-92da439a9924}"
EndProject
Project("{FAE04EC0-301F-11D3-BF4B-00C04F79EFBC}") = "Assembly-CSharp-Editor-firstpass", "Assembly-CSharp-Editor-firstpass.csproj", "{6d908914-a98b-3f10-1476-cd87c9e813b2}"
EndProject
Global
	GlobalSection(SolutionConfigurationPlatforms) = preSolution
		Debug|Any CPU = Debug|Any CPU
	EndGlobalSection
	GlobalSection(ProjectConfigurationPlatforms) = postSolution
		{0181b568-72e5-c634-5874-829e4c5a0a1b}.Debug|Any CPU.ActiveCfg = Debug|Any CPU
		{0181b568-72e5-c634-5874-829e4c5a0a1b}.Debug|Any CPU.Build.0 = Debug|Any CPU
		{bfa7f927-96c1-c77c-68ba-9384b5bb5bf4}.Debug|Any CPU.ActiveCfg = Debug|Any CPU
		{bfa7f927-96c1-c77c-68ba-9384b5bb5bf4}.Debug|Any CPU.Build.0 = Debug|Any CPU
		{56d13747-06d0-9bd1-7c2f-a3d907a57feb}.Debug|Any CPU.ActiveCfg = Debug|Any CPU
		{56d13747-06d0-9bd1-7c2f-a3d907a57feb}.Debug|Any CPU.Build.0 = Debug|Any CPU
		{5beb66c0-2b64-ed22-a41b-1804f9e3d46c}.Debug|Any CPU.ActiveCfg = Debug|Any CPU
		{5beb66c0-2b64-ed22-a41b-1804f9e3d46c}.Debug|Any CPU.Build.0 = Debug|Any CPU
		{9eca211b-48ec-6b42-69b7-72b1d6063e9f}.Debug|Any CPU.ActiveCfg = Debug|Any CPU
		{9eca211b-48ec-6b42-69b7-72b1d6063e9f}.Debug|Any CPU.Build.0 = Debug|Any CPU
		{5072330c-7058-0cdd-ed3c-28aaa7fc2db4}.Debug|Any CPU.ActiveCfg = Debug|Any CPU
		{5072330c-7058-0cdd-ed3c-28aaa7fc2db4}.Debug|Any CPU.Build.0 = Debug|Any CPU
		{b5291fa0-59e6-bb31-9538-64dd5416f140}.Debug|Any CPU.ActiveCfg = Debug|Any CPU
		{b5291fa0-59e6-bb31-9538-64dd5416f140}.Debug|Any CPU.Build.0 = Debug|Any CPU
		{d8b2c27c-2497-a59c-0450-c4eceae07e55}.Debug|Any CPU.ActiveCfg = Debug|Any CPU
		{d8b2c27c-2497-a59c-0450-c4eceae07e55}.Debug|Any CPU.Build.0 = Debug|Any CPU
		{dfe9cb06-8ac5-8810-0302-058f926d43e2}.Debug|Any CPU.ActiveCfg = Debug|Any CPU
		{dfe9cb06-8ac5-8810-0302-058f926d43e2}.Debug|Any CPU.Build.0 = Debug|Any CPU
		{0565224d-6a6f-1c7f-0c9e-e0cb178821c1}.Debug|Any CPU.ActiveCfg = Debug|Any CPU
		{0565224d-6a6f-1c7f-0c9e-e0cb178821c1}.Debug|Any CPU.Build.0 = Debug|Any CPU
		{63139cf5-42fb-6a7d-9431-22d283285923}.Debug|Any CPU.ActiveCfg = Debug|Any CPU
		{63139cf5-42fb-6a7d-9431-22d283285923}.Debug|Any CPU.Build.0 = Debug|Any CPU
		{0d022d32-05f9-02e1-5d51-92da439a9924}.Debug|Any CPU.ActiveCfg = Debug|Any CPU
		{0d022d32-05f9-02e1-5d51-92da439a9924}.Debug|Any CPU.Build.0 = Debug|Any CPU
		{6d908914-a98b-3f10-1476-cd87c9e813b2}.Debug|Any CPU.ActiveCfg = Debug|Any CPU
		{6d908914-a98b-3f10-1476-cd87c9e813b2}.Debug|Any CPU.Build.0 = Debug|Any CPU
	EndGlobalSection
	GlobalSection(SolutionProperties) = preSolution
		HideSolutionNode = FALSE
	EndGlobalSection
EndGlobal
